Microsoft Visual Studio Solution File, Format Version 12.00
# Visual Studio Version 17
VisualStudioVersion = 17.5.2.0
MinimumVisualStudioVersion = 10.0.40219.1
Project("{FAE04EC0-301F-11D3-BF4B-00C04F79EFBC}") = "DoAnWebNC", "DoAnWebNC.csproj", "{9ACB95F0-1F70-C3F7-2BE3-43F030D16891}"
EndProject
Global
	GlobalSection(SolutionConfigurationPlatforms) = preSolution
		Debug|Any CPU = Debug|Any CPU
		Release|Any CPU = Release|Any CPU
	EndGlobalSection
	GlobalSection(ProjectConfigurationPlatforms) = postSolution
		{9ACB95F0-1F70-C3F7-2BE3-43F030D16891}.Debug|Any CPU.ActiveCfg = Debug|Any CPU
		{9ACB95F0-1F70-C3F7-2BE3-43F030D16891}.Debug|Any CPU.Build.0 = Debug|Any CPU
		{9ACB95F0-1F70-C3F7-2BE3-43F030D16891}.Release|Any CPU.ActiveCfg = Release|Any CPU
		{9ACB95F0-1F70-C3F7-2BE3-43F030D16891}.Release|Any CPU.Build.0 = Release|Any CPU
	EndGlobalSection
	GlobalSection(SolutionProperties) = preSolution
		HideSolutionNode = FALSE
	EndGlobalSection
	GlobalSection(ExtensibilityGlobals) = postSolution
		SolutionGuid = {4174DFAC-DC9A-4238-BEB9-E8BD2EAC63CA}
	EndGlobalSection
EndGlobal
